
Microsoft Visual Studio Solution File, Format Version 12.00
# Visual Studio Version 16
VisualStudioVersion = 16.0.29424.173
MinimumVisualStudioVersion = 10.0.40219.1
Project("{FAE04EC0-301F-11D3-BF4B-00C04F79EFBC}") = "StartupWeek.Qless", "StartupWeek.Qless\StartupWeek.Qless.csproj", "{3B2AC9CB-0333-4638-973F-3D5477286D4F}"
EndProject
Global
	GlobalSection(SolutionConfigurationPlatforms) = preSolution
		Debug|Any CPU = Debug|Any CPU
		Release|Any CPU = Release|Any CPU
	EndGlobalSection
	GlobalSection(ProjectConfigurationPlatforms) = postSolution
		{3B2AC9CB-0333-4638-973F-3D5477286D4F}.Debug|Any CPU.ActiveCfg = Debug|Any CPU
		{3B2AC9CB-0333-4638-973F-3D5477286D4F}.Debug|Any CPU.Build.0 = Debug|Any CPU
		{3B2AC9CB-0333-4638-973F-3D5477286D4F}.Release|Any CPU.ActiveCfg = Release|Any CPU
		{3B2AC9CB-0333-4638-973F-3D5477286D4F}.Release|Any CPU.Build.0 = Release|Any CPU
	EndGlobalSection
	GlobalSection(SolutionProperties) = preSolution
		HideSolutionNode = FALSE
	EndGlobalSection
	GlobalSection(ExtensibilityGlobals) = postSolution
		SolutionGuid = {1B491B5E-5804-47B7-B339-8DB6E509AE1A}
	EndGlobalSection
EndGlobal
